
Microsoft Visual Studio Solution File, Format Version 12.00
# Visual Studio Version 17
VisualStudioVersion = 17.4.33213.308
MinimumVisualStudioVersion = 10.0.40219.1
Project("{FAE04EC0-301F-11D3-BF4B-00C04F79EFBC}") = "ejemplo2", "ejemplo2\ejemplo2.csproj", "{80FAC561-96CF-4D7B-BF93-F40BB74B9106}"
EndProject
Global
	GlobalSection(SolutionConfigurationPlatforms) = preSolution
		Debug|Any CPU = Debug|Any CPU
		Release|Any CPU = Release|Any CPU
	EndGlobalSection
	GlobalSection(ProjectConfigurationPlatforms) = postSolution
		{80FAC561-96CF-4D7B-BF93-F40BB74B9106}.Debug|Any CPU.ActiveCfg = Debug|Any CPU
		{80FAC561-96CF-4D7B-BF93-F40BB74B9106}.Debug|Any CPU.Build.0 = Debug|Any CPU
		{80FAC561-96CF-4D7B-BF93-F40BB74B9106}.Release|Any CPU.ActiveCfg = Release|Any CPU
		{80FAC561-96CF-4D7B-BF93-F40BB74B9106}.Release|Any CPU.Build.0 = Release|Any CPU
	EndGlobalSection
	GlobalSection(SolutionProperties) = preSolution
		HideSolutionNode = FALSE
	EndGlobalSection
	GlobalSection(ExtensibilityGlobals) = postSolution
		SolutionGuid = {FE6BB3A6-A812-4D12-A520-91C6B3953E57}
	EndGlobalSection
EndGlobal
